
Microsoft Visual Studio Solution File, Format Version 12.00
# Visual Studio Version 17
VisualStudioVersion = 17.7.34024.191
MinimumVisualStudioVersion = 10.0.40219.1
Project("{FAE04EC0-301F-11D3-BF4B-00C04F79EFBC}") = "TTCSN_CustomerManage", "TTCSN_CustomerManage\TTCSN_CustomerManage.csproj", "{D8A13081-1A32-472A-9E6A-B72823A0F8B5}"
EndProject
Global
	GlobalSection(SolutionConfigurationPlatforms) = preSolution
		Debug|Any CPU = Debug|Any CPU
		Release|Any CPU = Release|Any CPU
	EndGlobalSection
	GlobalSection(ProjectConfigurationPlatforms) = postSolution
		{D8A13081-1A32-472A-9E6A-B72823A0F8B5}.Debug|Any CPU.ActiveCfg = Debug|Any CPU
		{D8A13081-1A32-472A-9E6A-B72823A0F8B5}.Debug|Any CPU.Build.0 = Debug|Any CPU
		{D8A13081-1A32-472A-9E6A-B72823A0F8B5}.Release|Any CPU.ActiveCfg = Release|Any CPU
		{D8A13081-1A32-472A-9E6A-B72823A0F8B5}.Release|Any CPU.Build.0 = Release|Any CPU
	EndGlobalSection
	GlobalSection(SolutionProperties) = preSolution
		HideSolutionNode = FALSE
	EndGlobalSection
	GlobalSection(ExtensibilityGlobals) = postSolution
		SolutionGuid = {CF997D1D-3342-432B-AD67-370A14EF63B3}
	EndGlobalSection
EndGlobal
